{
  "requires": true,
  "lockfileVersion": 1,
  "dependencies": {
    "cytoscape-compound-drag-and-drop": {
      "version": "1.0.0",
      "resolved": "https://registry.npmjs.org/cytoscape-compound-drag-and-drop/-/cytoscape-compound-drag-and-drop-1.0.0.tgz",
      "integrity": "sha512-JbRR3+jrVd89l9k04L/YEKw9pFSc5gfQnGcAoDUGeJVe/6gMzQhBLWlytspGc95l8+45jlRERZt7tG1CsQ0GCQ=="
    }
  }
}
